PODS:
  - FlutterMacOS (1.0.0)
  - libmpv_dart (0.0.1):
    - FlutterMacOS

DEPENDENCIES:
  - FlutterMacOS (from `Flutter/ephemeral`)
  - libmpv_dart (from `Flutter/ephemeral/.symlinks/plugins/libmpv_dart/macos`)

EXTERNAL SOURCES:
  FlutterMacOS:
    :path: Flutter/ephemeral
  libmpv_dart:
    :path: Flutter/ephemeral/.symlinks/plugins/libmpv_dart/macos

SPEC CHECKSUMS:
  FlutterMacOS: 8f6f14fa908a6fb3fba0cd85dbd81ec4b251fb24
  libmpv_dart: cc9f0baf9ff3a435b8b497b83ffd7f9fbd8b2067

PODFILE CHECKSUM: 7eb978b976557c8c1cd717d8185ec483fd090a82

COCOAPODS: 1.16.2
